{
  "pins" : [
    {
      "identity" : "logkit",
      "kind" : "remoteSourceControl",
      "location" : "git@github.com:VishwaiOSDev/LogKit.git",
      "state" : {
        "revision" : "c67510d25a4d48dff0c078f9d62c9ecc0e66f21e",
        "version" : "0.0.11"
      }
    },
    {
      "identity" : "swiftlintplugin",
      "kind" : "remoteSourceControl",
      "location" : "https://github.com/lukepistrol/SwiftLintPlugin",
      "state" : {
        "revision" : "f69b412a765396d44dc9f4788a5b79919c1ca9e3",
        "version" : "0.2.2"
      }
    }
  ],
  "version" : 2
}
